// !$*UTF8*$!
{
	archiveVersion = 1;
	classes = {
	};
	objectVersion = 46;
	objects = {

/* Begin PBXBuildFile section */
		DC4ACF6C1EC34CC300A722EE /* main.m in Sources */ = {isa = PBXBuildFile; fileRef = DC4ACF6B1EC34CC300A722EE /* main.m */; };
		DC4ACF6F1EC34CC300A722EE /* AppDelegate.m in Sources */ = {isa = PBXBuildFile; fileRef = DC4ACF6E1EC34CC300A722EE /* AppDelegate.m */; };
		DC4ACF721EC34CC300A722EE /* ViewController.m in Sources */ = {isa = PBXBuildFile; fileRef = DC4ACF711EC34CC300A722EE /* ViewController.m */; };
		DC4ACF751EC34CC300A722EE /* Main.storyboard in Resources */ = {isa = PBXBuildFile; fileRef = DC4ACF731EC34CC300A722EE /* Main.storyboard */; };
		DC4ACF771EC34CC300A722EE /* Assets.xcassets in Resources */ = {isa = PBXBuildFile; fileRef = DC4ACF761EC34CC300A722EE /* Assets.xcassets */; };
		DC4ACF7A1EC34CC300A722EE /* LaunchScreen.storyboard in Resources */ = {isa = PBXBuildFile; fileRef = DC4ACF781EC34CC300A722EE /* LaunchScreen.storyboard */; };
/* End PBXBuildFile section */

/* Begin PBXFileReference section */
		DC4ACF671EC34CC300A722EE /* PopoverPractice.app */ = {isa = PBXFileReference; explicitFileType = wrapper.application; includeInIndex = 0; path = PopoverPractice.app; sourceTree = BUILT_PRODUCTS_DIR; };
		DC4ACF6B1EC34CC300A722EE /* main.m */ = {isa = PBXFileReference; lastKnownFileType = sourcecode.c.objc; path = main.m; sourceTree = "<group>"; };
		DC4ACF6D1EC34CC300A722EE /* AppDelegate.h */ = {isa = PBXFileReference; lastKnownFileType = sourcecode.c.h; path = AppDelegate.h; sourceTree = "<group>"; };
		DC4ACF6E1EC34CC300A722EE /* AppDelegate.m */ = {isa = PBXFileReference; lastKnownFileType = sourcecode.c.objc; path = AppDelegate.m; sourceTree = "<group>"; };
		DC4ACF701EC34CC300A722EE /* ViewController.h */ = {isa = PBXFileReference; lastKnownFileType = sourcecode.c.h; path = ViewController.h; sourceTree = "<group>"; };
		DC4ACF711EC34CC300A722EE /* ViewController.m */ = {isa = PBXFileReference; lastKnownFileType = sourcecode.c.objc; path = ViewController.m; sourceTree = "<group>"; };
		DC4ACF741EC34CC300A722EE /* Base */ = {isa = PBXFileReference; lastKnownFileType = file.storyboard; name = Base; path = Base.lproj/Main.storyboard; sourceTree = "<group>"; };
		DC4ACF761EC34CC300A722EE /* Assets.xcassets */ = {isa = PBXFileReference; lastKnownFileType = folder.assetcatalog; path = Assets.xcassets; sourceTree = "<group>"; };
		DC4ACF791EC34CC300A722EE /* Base */ = {isa = PBXFileReference; lastKnownFileType = file.storyboard; name = Base; path = Base.lproj/LaunchScreen.storyboard; sourceTree = "<group>"; };
		DC4ACF7B1EC34CC300A722EE /* Info.plist */ = {isa = PBXFileReference; lastKnownFileType = text.plist.xml; path = Info.plist; sourceTree = "<group>"; };
/* End PBXFileReference section */

/* Begin PBXFrameworksBuildPhase section */
		DC4ACF641EC34CC300A722EE /* Frameworks */ = {
			isa = PBXFrameworksBuildPhase;
			buildActionMask = 2147483647;
			files = (
			);
			runOnlyForDeploymentPostprocessing = 0;
		};
/* End PBXFrameworksBuildPhase section */

/* Begin PBXGroup section */
		DC4ACF5E1EC34CC200A722EE = {
			isa = PBXGroup;
			children = (
				DC4ACF691EC34CC300A722EE /* PopoverPractice */,
				DC4ACF681EC34CC300A722EE /* Products */,
			);
			sourceTree = "<group>";
		};
		DC4ACF681EC34CC300A722EE /* Products */ = {
			isa = PBXGroup;
			children = (
				DC4ACF671EC34CC300A722EE /* PopoverPractice.app */,
			);
			name = Products;
			sourceTree = "<group>";
		};
		DC4ACF691EC34CC300A722EE /* PopoverPractice */ = {
			isa = PBXGroup;
			children = (
				DC4ACF6D1EC34CC300A722EE /* AppDelegate.h */,
				DC4ACF6E1EC34CC300A722EE /* AppDelegate.m */,
				DC4ACF701EC34CC300A722EE /* ViewController.h */,
				DC4ACF711EC34CC300A722EE /* ViewController.m */,
				DC4ACF731EC34CC300A722EE /* Main.storyboard */,
				DC4ACF761EC34CC300A722EE /* Assets.xcassets */,
				DC4ACF781EC34CC300A722EE /* LaunchScreen.storyboard */,
				DC4ACF7B1EC34CC300A722EE /* Info.plist */,
				DC4ACF6A1EC34CC300A722EE /* Supporting Files */,
			);
			path = PopoverPractice;
			sourceTree = "<group>";
		};
		DC4ACF6A1EC34CC300A722EE /* Supporting Files */ = {
			isa = PBXGroup;
			children = (
				DC4ACF6B1EC34CC300A722EE /* main.m */,
			);
			name = "Supporting Files";
			sourceTree = "<group>";
		};
/* End PBXGroup section */

/* Begin PBXNativeTarget section */
		DC4ACF661EC34CC300A722EE /* PopoverPractice */ = {
			isa = PBXNativeTarget;
			buildConfigurationList = DC4ACF7E1EC34CC300A722EE /* Build configuration list for PBXNativeTarget "PopoverPractice" */;
			buildPhases = (
				DC4ACF631EC34CC300A722EE /* Sources */,
				DC4ACF641EC34CC300A722EE /* Frameworks */,
				DC4ACF651EC34CC300A722EE /* Resources */,
			);
			buildRules = (
			);
			dependencies = (
			);
			name = PopoverPractice;
			productName = PopoverPractice;
			productReference = DC4ACF671EC34CC300A722EE /* PopoverPractice.app */;
			productType = "com.apple.product-type.application";
		};
/* End PBXNativeTarget section */

/* Begin PBXProject section */
		DC4ACF5F1EC34CC200A722EE /* Project object */ = {
			isa = PBXProject;
			attributes = {
				LastUpgradeCheck = 0810;
				ORGANIZATIONNAME = Syngmaster;
				TargetAttributes = {
					DC4ACF661EC34CC300A722EE = {
						CreatedOnToolsVersion = 8.1;
						DevelopmentTeam = 4PMQKT6K8N;
						ProvisioningStyle = Automatic;
					};
				};
			};
			buildConfigurationList = DC4ACF621EC34CC200A722EE /* Build configuration list for PBXProject "PopoverPractice" */;
			compatibilityVersion = "Xcode 3.2";
			developmentRegion = English;
			hasScannedForEncodings = 0;
			knownRegions = (
				en,
				Base,
			);
			mainGroup = DC4ACF5E1EC34CC200A722EE;
			productRefGroup = DC4ACF681EC34CC300A722EE /* Products */;
			projectDirPath = "";
			projectRoot = "";
			targets = (
				DC4ACF661EC34CC300A722EE /* PopoverPractice */,
			);
		};
/* End PBXProject section */

/* Begin PBXResourcesBuildPhase section */
		DC4ACF651EC34CC300A722EE /* Resources */ = {
			isa = PBXResourcesBuildPhase;
			buildActionMask = 2147483647;
			files = (
				DC4ACF7A1EC34CC300A722EE /* LaunchScreen.storyboard in Resources */,
				DC4ACF771EC34CC300A722EE /* Assets.xcassets in Resources */,
				DC4ACF751EC34CC300A722EE /* Main.storyboard in Resources */,
			);
			runOnlyForDeploymentPostprocessing = 0;
		};
/* End PBXResourcesBuildPhase section */

/* Begin PBXSourcesBuildPhase section */
		DC4ACF631EC34CC300A722EE /* Sources */ = {
			isa = PBXSourcesBuildPhase;
			buildActionMask = 2147483647;
			files = (
				DC4ACF721EC34CC300A722EE /* ViewController.m in Sources */,
				DC4ACF6F1EC34CC300A722EE /* AppDelegate.m in Sources */,
				DC4ACF6C1EC34CC300A722EE /* main.m in Sources */,
			);
			runOnlyForDeploymentPostprocessing = 0;
		};
/* End PBXSourcesBuildPhase section */

/* Begin PBXVariantGroup section */
		DC4ACF731EC34CC300A722EE /* Main.storyboard */ = {
			isa = PBXVariantGroup;
			children = (
				DC4ACF741EC34CC300A722EE /* Base */,
			);
			name = Main.storyboard;
			sourceTree = "<group>";
		};
		DC4ACF781EC34CC300A722EE /* LaunchScreen.storyboard */ = {
			isa = PBXVariantGroup;
			children = (
				DC4ACF791EC34CC300A722EE /* Base */,
			);
			name = LaunchScreen.storyboard;
			sourceTree = "<group>";
		};
/* End PBXVariantGroup section */

/* Begin XCBuildConfiguration section */
		DC4ACF7C1EC34CC300A722EE /* Debug */ = {
			isa = XCBuildConfiguration;
			buildSettings = {
				ALWAYS_SEARCH_USER_PATHS = NO;
				CLANG_ANALYZER_NONNULL = YES;
				CLANG_CXX_LANGUAGE_STANDARD = "gnu++0x";
				CLANG_CXX_LIBRARY = "libc++";
				CLANG_ENABLE_MODULES = YES;
				CLANG_ENABLE_OBJC_ARC = YES;
				CLANG_WARN_BOOL_CONVERSION = YES;
				CLANG_WARN_CONSTANT_CONVERSION = YES;
				CLANG_WARN_DIRECT_OBJC_ISA_USAGE = YES_ERROR;
				CLANG_WARN_DOCUMENTATION_COMMENTS = YES;
				CLANG_WARN_EMPTY_BODY = YES;
				CLANG_WARN_ENUM_CONVERSION = YES;
				CLANG_WARN_INFINITE_RECURSION = YES;
				CLANG_WARN_INT_CONVERSION = YES;
				CLANG_WARN_OBJC_ROOT_CLASS = YES_ERROR;
				CLANG_WARN_SUSPICIOUS_MOVES = YES;
				CLANG_WARN_UNREACHABLE_CODE = YES;
				CLANG_WARN__DUPLICATE_METHOD_MATCH = YES;
				"CODE_SIGN_IDENTITY[sdk=iphoneos*]" = "iPhone Developer";
				COPY_PHASE_STRIP = NO;
				DEBUG_INFORMATION_FORMAT = dwarf;
				ENABLE_STRICT_OBJC_MSGSEND = YES;
				ENABLE_TESTABILITY = YES;
				GCC_C_LANGUAGE_STANDARD = gnu99;
				GCC_DYNAMIC_NO_PIC = NO;
				GCC_NO_COMMON_BLOCKS = YES;
				GCC_OPTIMIZATION_LEVEL = 0;
				GCC_PREPROCESSOR_DEFINITIONS = (
					"DEBUG=1",
					"$(inherited)",
				);
				GCC_WARN_64_TO_32_BIT_CONVERSION = YES;
				GCC_WARN_ABOUT_RETURN_TYPE = YES_ERROR;
				GCC_WARN_UNDECLARED_SELECTOR = YES;
				GCC_WARN_UNINITIALIZED_AUTOS = YES_AGGRESSIVE;
				GCC_WARN_UNUSED_FUNCTION = YES;
				GCC_WARN_UNUSED_VARIABLE = YES;
				IPHONEOS_DEPLOYMENT_TARGET = 10.1;
				MTL_ENABLE_DEBUG_INFO = YES;
				ONLY_ACTIVE_ARCH = YES;
				SDKROOT = iphoneos;
				TARGETED_DEVICE_FAMILY = "1,2";
			};
			name = Debug;
		};
		DC4ACF7D1EC34CC300A722EE /* Release */ = {
			isa = XCBuildConfiguration;
			buildSettings = {
				ALWAYS_SEARCH_USER_PATHS = NO;
				CLANG_ANALYZER_NONNULL = YES;
				CLANG_CXX_LANGUAGE_STANDARD = "gnu++0x";
				CLANG_CXX_LIBRARY = "libc++";
				CLANG_ENABLE_MODULES = YES;
				CLANG_ENABLE_OBJC_ARC = YES;
				CLANG_WARN_BOOL_CONVERSION = YES;
				CLANG_WARN_CONSTANT_CONVERSION = YES;
				CLANG_WARN_DIRECT_OBJC_ISA_USAGE = YES_ERROR;
				CLANG_WARN_DOCUMENTATION_COMMENTS = YES;
				CLANG_WARN_EMPTY_BODY = YES;
				CLANG_WARN_ENUM_CONVERSION = YES;
				CLANG_WARN_INFINITE_RECURSION = YES;
				CLANG_WARN_INT_CONVERSION = YES;
				CLANG_WARN_OBJC_ROOT_CLASS = YES_ERROR;
				CLANG_WARN_SUSPICIOUS_MOVES = YES;
				CLANG_WARN_UNREACHABLE_CODE = YES;
				CLANG_WARN__DUPLICATE_METHOD_MATCH = YES;
				"CODE_SIGN_IDENTITY[sdk=iphoneos*]" = "iPhone Developer";
				COPY_PHASE_STRIP = NO;
				DEBUG_INFORMATION_FORMAT = "dwarf-with-dsym";
				ENABLE_NS_ASSERTIONS = NO;
				ENABLE_STRICT_OBJC_MSGSEND = YES;
				GCC_C_LANGUAGE_STANDARD = gnu99;
				GCC_NO_COMMON_BLOCKS = YES;
				GCC_WARN_64_TO_32_BIT_CONVERSION = YES;
				GCC_WARN_ABOUT_RETURN_TYPE = YES_ERROR;
				GCC_WARN_UNDECLARED_SELECTOR = YES;
				GCC_WARN_UNINITIALIZED_AUTOS = YES_AGGRESSIVE;
				GCC_WARN_UNUSED_FUNCTION = YES;
				GCC_WARN_UNUSED_VARIABLE = YES;
				IPHONEOS_DEPLOYMENT_TARGET = 10.1;
				MTL_ENABLE_DEBUG_INFO = NO;
				SDKROOT = iphoneos;
				TARGETED_DEVICE_FAMILY = "1,2";
				VALIDATE_PRODUCT = YES;
			};
			name = Release;
		};
		DC4ACF7F1EC34CC300A722EE /* Debug */ = {
			isa = XCBuildConfiguration;
			buildSettings = {
				ASSETCATALOG_COMPILER_APPICON_NAME = AppIcon;
				DEVELOPMENT_TEAM = 4PMQKT6K8N;
				INFOPLIST_FILE = PopoverPractice/Info.plist;
				LD_RUNPATH_SEARCH_PATHS = "$(inherited) @executable_path/Frameworks";
				PRODUCT_BUNDLE_IDENTIFIER = ios.PopoverPractice;
				PRODUCT_NAME = "$(TARGET_NAME)";
			};
			name = Debug;
		};
		DC4ACF801EC34CC300A722EE /* Release */ = {
			isa = XCBuildConfiguration;
			buildSettings = {
				ASSETCATALOG_COMPILER_APPICON_NAME = AppIcon;
				DEVELOPMENT_TEAM = 4PMQKT6K8N;
				INFOPLIST_FILE = PopoverPractice/Info.plist;
				LD_RUNPATH_SEARCH_PATHS = "$(inherited) @executable_path/Frameworks";
				PRODUCT_BUNDLE_IDENTIFIER = ios.PopoverPractice;
				PRODUCT_NAME = "$(TARGET_NAME)";
			};
			name = Release;
		};
/* End XCBuildConfiguration section */

/* Begin XCConfigurationList section */
		DC4ACF621EC34CC200A722EE /* Build configuration list for PBXProject "PopoverPractice" */ = {
			isa = XCConfigurationList;
			buildConfigurations = (
				DC4ACF7C1EC34CC300A722EE /* Debug */,
				DC4ACF7D1EC34CC300A722EE /* Release */,
			);
			defaultConfigurationIsVisible = 0;
			defaultConfigurationName = Release;
		};
		DC4ACF7E1EC34CC300A722EE /* Build configuration list for PBXNativeTarget "PopoverPractice" */ = {
			isa = XCConfigurationList;
			buildConfigurations = (
				DC4ACF7F1EC34CC300A722EE /* Debug */,
				DC4ACF801EC34CC300A722EE /* Release */,
			);
			defaultConfigurationIsVisible = 0;
		};
/* End XCConfigurationList section */
	};
	rootObject = DC4ACF5F1EC34CC200A722EE /* Project object */;
}
